{
    "_readme": [
        "This file locks the dependencies of your project to a known state",
        "Read more about it at https://getcomposer.org/doc/01-basic-usage.md#installing-dependencies",
        "This file is @generated automatically"
    ],
    "content-hash": "bacf12833e3bec61277b1ad7c3251ef8",
    "packages": [
        {
            "name": "kernl/kernl-update-checker",
            "version": "2.6.0",
            "source": {
                "type": "git",
                "url": "https://github.com/vital101/plugin-update-checker.git",
                "reference": "cd2bb86dbc90fe0ae335275b23d498b2fad0e5a5"
            },
            "dist": {
                "type": "zip",
                "url": "https://api.github.com/repos/vital101/plugin-update-checker/zipball/cd2bb86dbc90fe0ae335275b23d498b2fad0e5a5",
                "reference": "cd2bb86dbc90fe0ae335275b23d498b2fad0e5a5",
                "shasum": ""
            },
            "require": {
                "ext-json": "*",
                "php": ">=5.2.0"
            },
            "type": "library",
            "autoload": {
                "files": [
                    "load-v4p10.php"
                ]
            },
            "notification-url": "https://packagist.org/downloads/",
            "license": [
                "MIT"
            ],
            "authors": [
                {
                    "name": "Jack Slingerland",
                    "email": "jack@kernl.us",
                    "homepage": "https://kernl.us",
                    "role": "Developer"
                }
            ],
            "description": "The WordPress plugin and theme update checker for https://kernl.us",
            "homepage": "https://github.com/vital101/plugin-update-checker",
            "keywords": [
                "automatic updates",
                "plugin updates",
                "theme updates",
                "wordpress"
            ],
            "support": {
                "source": "https://github.com/vital101/plugin-update-checker/tree/2.6.0"
            },
            "time": "2022-01-30T13:26:04+00:00"
        }
    ],
    "packages-dev": [],
    "aliases": [],
    "minimum-stability": "stable",
    "stability-flags": [],
    "prefer-stable": false,
    "prefer-lowest": false,
    "platform": [],
    "platform-dev": [],
    "plugin-api-version": "2.1.0"
}
