{
    "_readme": [
        "This file locks the dependencies of your project to a known state",
        "Read more about it at https://getcomposer.org/doc/01-basic-usage.md#installing-dependencies",
        "This file is @generated automatically"
    ],
    "content-hash": "469dec749839d134b268aba4d9893272",
    "packages": [
        {
            "name": "kernl/kernl-update-checker",
            "version": "3.0.0",
            "source": {
                "type": "git",
                "url": "https://github.com/vital101/plugin-update-checker.git",
                "reference": "8567f3665e23c30bf260b35f31d39dd146fbc1ee"
            },
            "dist": {
                "type": "zip",
                "url": "https://api.github.com/repos/vital101/plugin-update-checker/zipball/8567f3665e23c30bf260b35f31d39dd146fbc1ee",
                "reference": "8567f3665e23c30bf260b35f31d39dd146fbc1ee",
                "shasum": ""
            },
            "require": {
                "ext-json": "*",
                "php": ">=5.2.0"
            },
            "type": "library",
            "autoload": {
                "files": [
                    "load-v4p10.php"
                ]
            },
            "notification-url": "https://packagist.org/downloads/",
            "license": [
                "MIT"
            ],
            "authors": [
                {
                    "name": "Jack Slingerland",
                    "email": "jack@kernl.us",
                    "homepage": "https://kernl.us",
                    "role": "Developer"
                }
            ],
            "description": "The WordPress plugin and theme update checker for https://kernl.us",
            "homepage": "https://github.com/vital101/plugin-update-checker",
            "keywords": [
                "automatic updates",
                "plugin updates",
                "theme updates",
                "wordpress"
            ],
            "support": {
                "source": "https://github.com/vital101/plugin-update-checker/tree/3.0.0"
            },
            "time": "2022-02-04T11:40:39+00:00"
        }
    ],
    "packages-dev": [],
    "aliases": [],
    "minimum-stability": "stable",
    "stability-flags": [],
    "prefer-stable": false,
    "prefer-lowest": false,
    "platform": [],
    "platform-dev": [],
    "plugin-api-version": "2.1.0"
}
