{
    "_readme": [
        "This file locks the dependencies of your project to a known state",
        "Read more about it at https://getcomposer.org/doc/01-basic-usage.md#composer-lock-the-lock-file",
        "This file is @generated automatically"
    ],
    "hash": "541c239d2e2163393b61ee0f3aa5e347",
    "content-hash": "0206b638e14ca7ca497c31b912bcf68d",
    "packages": [
        {
            "name": "kernl/wp-feature-flags",
            "version": "v1.0.4",
            "source": {
                "type": "git",
                "url": "https://github.com/wpkernl/WPFeatureFlags.git",
                "reference": "3fa63131bb07858fe68b76e3658e7ce907bea103"
            },
            "dist": {
                "type": "zip",
                "url": "https://api.github.com/repos/wpkernl/WPFeatureFlags/zipball/3fa63131bb07858fe68b76e3658e7ce907bea103",
                "reference": "3fa63131bb07858fe68b76e3658e7ce907bea103",
                "shasum": ""
            },
            "require": {
                "php": ">=5.4"
            },
            "type": "project",
            "autoload": {
                "psr-4": {
                    "kernl\\": "src/"
                }
            },
            "notification-url": "https://packagist.org/downloads/",
            "license": [
                "MIT"
            ],
            "authors": [
                {
                    "name": "Jack Slingerland",
                    "email": "jack@kernl.us"
                }
            ],
            "description": "Feature flagging for WordPress.",
            "keywords": [
                "feature flags",
                "flags",
                "kernl"
            ],
            "time": "2017-05-20 12:08:32"
        }
    ],
    "packages-dev": [],
    "aliases": [],
    "minimum-stability": "stable",
    "stability-flags": [],
    "prefer-stable": false,
    "prefer-lowest": false,
    "platform": [],
    "platform-dev": []
}
